
Microsoft Visual Studio Solution File, Format Version 12.00
# Visual Studio 15
VisualStudioVersion = 15.0.28307.572
MinimumVisualStudioVersion = 10.0.40219.1
Project("{FAE04EC0-301F-11D3-BF4B-00C04F79EFBC}") = "InterviewTask.BLL", "InterviewTask.BLL\InterviewTask.BLL.csproj", "{F0F8CBB0-F0D1-4479-8A72-7FB38FC9E91F}"
EndProject
Project("{9A19103F-16F7-4668-BE54-9A1E7A4F7556}") = "InterviewTaks.Web", "InterviewTaks.Web\InterviewTaks.Web.csproj", "{9B691E67-354F-4EF4-BE60-21284C67DFC0}"
	ProjectSection(ProjectDependencies) = postProject
		{F0F8CBB0-F0D1-4479-8A72-7FB38FC9E91F} = {F0F8CBB0-F0D1-4479-8A72-7FB38FC9E91F}
	EndProjectSection
EndProject
Project("{FAE04EC0-301F-11D3-BF4B-00C04F79EFBC}") = "InterviewTask.Desktop.App", "InterviewTask.Desktop.App\InterviewTask.Desktop.App.csproj", "{B3D9CD55-5529-457B-8117-B4D6074CA154}"
EndProject
Global
	GlobalSection(SolutionConfigurationPlatforms) = preSolution
		Debug|Any CPU = Debug|Any CPU
		Release|Any CPU = Release|Any CPU
	EndGlobalSection
	GlobalSection(ProjectConfigurationPlatforms) = postSolution
		{F0F8CBB0-F0D1-4479-8A72-7FB38FC9E91F}.Debug|Any CPU.ActiveCfg = Debug|Any CPU
		{F0F8CBB0-F0D1-4479-8A72-7FB38FC9E91F}.Debug|Any CPU.Build.0 = Debug|Any CPU
		{F0F8CBB0-F0D1-4479-8A72-7FB38FC9E91F}.Release|Any CPU.ActiveCfg = Release|Any CPU
		{F0F8CBB0-F0D1-4479-8A72-7FB38FC9E91F}.Release|Any CPU.Build.0 = Release|Any CPU
		{9B691E67-354F-4EF4-BE60-21284C67DFC0}.Debug|Any CPU.ActiveCfg = Debug|Any CPU
		{9B691E67-354F-4EF4-BE60-21284C67DFC0}.Debug|Any CPU.Build.0 = Debug|Any CPU
		{9B691E67-354F-4EF4-BE60-21284C67DFC0}.Release|Any CPU.ActiveCfg = Release|Any CPU
		{9B691E67-354F-4EF4-BE60-21284C67DFC0}.Release|Any CPU.Build.0 = Release|Any CPU
		{B3D9CD55-5529-457B-8117-B4D6074CA154}.Debug|Any CPU.ActiveCfg = Debug|Any CPU
		{B3D9CD55-5529-457B-8117-B4D6074CA154}.Debug|Any CPU.Build.0 = Debug|Any CPU
		{B3D9CD55-5529-457B-8117-B4D6074CA154}.Release|Any CPU.ActiveCfg = Release|Any CPU
		{B3D9CD55-5529-457B-8117-B4D6074CA154}.Release|Any CPU.Build.0 = Release|Any CPU
	EndGlobalSection
	GlobalSection(SolutionProperties) = preSolution
		HideSolutionNode = FALSE
	EndGlobalSection
	GlobalSection(ExtensibilityGlobals) = postSolution
		SolutionGuid = {8612D3A1-3879-42DD-8953-F95FB4100441}
	EndGlobalSection
EndGlobal
